// !$*UTF8*$!
{
	archiveVersion = 1;
	classes = {
	};
	objectVersion = 46;
	objects = {

/* Begin PBXBuildFile section */
		01849F141B68F69300ECDB84 /* CoreTelephony.framework in Frameworks */ = {isa = PBXBuildFile; fileRef = 01849F131B68F69300ECDB84 /* CoreTelephony.framework */; };
		019D14581B687FC000F8AE71 /* main.m in Sources */ = {isa = PBXBuildFile; fileRef = 019D14571B687FC000F8AE71 /* main.m */; };
		019D145B1B687FC000F8AE71 /* AppDelegate.m in Sources */ = {isa = PBXBuildFile; fileRef = 019D145A1B687FC000F8AE71 /* AppDelegate.m */; };
		019D145E1B687FC000F8AE71 /* FirstViewController.m in Sources */ = {isa = PBXBuildFile; fileRef = 019D145D1B687FC000F8AE71 /* FirstViewController.m */; };
		019D14611B687FC000F8AE71 /* SecondViewController.m in Sources */ = {isa = PBXBuildFile; fileRef = 019D14601B687FC000F8AE71 /* SecondViewController.m */; };
		019D14641B687FC000F8AE71 /* Main.storyboard in Resources */ = {isa = PBXBuildFile; fileRef = 019D14621B687FC000F8AE71 /* Main.storyboard */; };
		019D14661B687FC000F8AE71 /* Assets.xcassets in Resources */ = {isa = PBXBuildFile; fileRef = 019D14651B687FC000F8AE71 /* Assets.xcassets */; };
		019D14691B687FC000F8AE71 /* LaunchScreen.storyboard in Resources */ = {isa = PBXBuildFile; fileRef = 019D14671B687FC000F8AE71 /* LaunchScreen.storyboard */; };
		01C90D1A1B6DBD0800FDB64A /* Login.storyboard in Resources */ = {isa = PBXBuildFile; fileRef = 01C90D191B6DBD0800FDB64A /* Login.storyboard */; };
		01C90D1E1B6DCA1E00FDB64A /* LoginViewController.m in Sources */ = {isa = PBXBuildFile; fileRef = 01C90D1D1B6DCA1E00FDB64A /* LoginViewController.m */; };
		7FD7672995B9922C3BA606EC /* libPods-NewsLetter.a in Frameworks */ = {isa = PBXBuildFile; fileRef = 1A1B337CF9EEDA28696E43CB /* libPods-NewsLetter.a */; };
/* End PBXBuildFile section */

/* Begin PBXFileReference section */
		01849F131B68F69300ECDB84 /* CoreTelephony.framework */ = {isa = PBXFileReference; lastKnownFileType = wrapper.framework; name = CoreTelephony.framework; path = System/Library/Frameworks/CoreTelephony.framework; sourceTree = SDKROOT; };
		019D14531B687FC000F8AE71 /* NewsLetter.app */ = {isa = PBXFileReference; explicitFileType = wrapper.application; includeInIndex = 0; path = NewsLetter.app; sourceTree = BUILT_PRODUCTS_DIR; };
		019D14571B687FC000F8AE71 /* main.m */ = {isa = PBXFileReference; lastKnownFileType = sourcecode.c.objc; path = main.m; sourceTree = "<group>"; };
		019D14591B687FC000F8AE71 /* AppDelegate.h */ = {isa = PBXFileReference; lastKnownFileType = sourcecode.c.h; path = AppDelegate.h; sourceTree = "<group>"; };
		019D145A1B687FC000F8AE71 /* AppDelegate.m */ = {isa = PBXFileReference; lastKnownFileType = sourcecode.c.objc; path = AppDelegate.m; sourceTree = "<group>"; };
		019D145C1B687FC000F8AE71 /* FirstViewController.h */ = {isa = PBXFileReference; lastKnownFileType = sourcecode.c.h; path = FirstViewController.h; sourceTree = "<group>"; };
		019D145D1B687FC000F8AE71 /* FirstViewController.m */ = {isa = PBXFileReference; lastKnownFileType = sourcecode.c.objc; path = FirstViewController.m; sourceTree = "<group>"; };
		019D145F1B687FC000F8AE71 /* SecondViewController.h */ = {isa = PBXFileReference; lastKnownFileType = sourcecode.c.h; path = SecondViewController.h; sourceTree = "<group>"; };
		019D14601B687FC000F8AE71 /* SecondViewController.m */ = {isa = PBXFileReference; lastKnownFileType = sourcecode.c.objc; path = SecondViewController.m; sourceTree = "<group>"; };
		019D14631B687FC000F8AE71 /* Base */ = {isa = PBXFileReference; lastKnownFileType = file.storyboard; name = Base; path = Base.lproj/Main.storyboard; sourceTree = "<group>"; };
		019D14651B687FC000F8AE71 /* Assets.xcassets */ = {isa = PBXFileReference; lastKnownFileType = folder.assetcatalog; path = Assets.xcassets; sourceTree = "<group>"; };
		019D14681B687FC000F8AE71 /* Base */ = {isa = PBXFileReference; lastKnownFileType = file.storyboard; name = Base; path = Base.lproj/LaunchScreen.storyboard; sourceTree = "<group>"; };
		019D146A1B687FC100F8AE71 /* Info.plist */ = {isa = PBXFileReference; lastKnownFileType = text.plist.xml; path = Info.plist; sourceTree = "<group>"; };
		01C90D191B6DBD0800FDB64A /* Login.storyboard */ = {isa = PBXFileReference; fileEncoding = 4; lastKnownFileType = file.storyboard; path = Login.storyboard; sourceTree = "<group>"; };
		01C90D1C1B6DCA1E00FDB64A /* LoginViewController.h */ = {isa = PBXFileReference; fileEncoding = 4; lastKnownFileType = sourcecode.c.h; path = LoginViewController.h; sourceTree = "<group>"; };
		01C90D1D1B6DCA1E00FDB64A /* LoginViewController.m */ = {isa = PBXFileReference; fileEncoding = 4; lastKnownFileType = sourcecode.c.objc; path = LoginViewController.m; sourceTree = "<group>"; };
		01C90D1F1B6DCC4200FDB64A /* SinaConfig.h */ = {isa = PBXFileReference; lastKnownFileType = sourcecode.c.h; name = SinaConfig.h; path = ../SinaConfig.h; sourceTree = "<group>"; };
		1A1B337CF9EEDA28696E43CB /* libPods-NewsLetter.a */ = {isa = PBXFileReference; explicitFileType = archive.ar; includeInIndex = 0; path = "libPods-NewsLetter.a"; sourceTree = BUILT_PRODUCTS_DIR; };
		977605813DD4F360CE899477 /* Pods-NewsLetter.release.xcconfig */ = {isa = PBXFileReference; includeInIndex = 1; lastKnownFileType = text.xcconfig; name = "Pods-NewsLetter.release.xcconfig"; path = "Pods/Target Support Files/Pods-NewsLetter/Pods-NewsLetter.release.xcconfig"; sourceTree = "<group>"; };
		C24684AA5808E835B4C471E1 /* Pods-NewsLetter.debug.xcconfig */ = {isa = PBXFileReference; includeInIndex = 1; lastKnownFileType = text.xcconfig; name = "Pods-NewsLetter.debug.xcconfig"; path = "Pods/Target Support Files/Pods-NewsLetter/Pods-NewsLetter.debug.xcconfig"; sourceTree = "<group>"; };
/* End PBXFileReference section */

/* Begin PBXFrameworksBuildPhase section */
		019D14501B687FC000F8AE71 /* Frameworks */ = {
			isa = PBXFrameworksBuildPhase;
			buildActionMask = 2147483647;
			files = (
				01849F141B68F69300ECDB84 /* CoreTelephony.framework in Frameworks */,
				7FD7672995B9922C3BA606EC /* libPods-NewsLetter.a in Frameworks */,
			);
			runOnlyForDeploymentPostprocessing = 0;
		};
/* End PBXFrameworksBuildPhase section */

/* Begin PBXGroup section */
		019D144A1B687FC000F8AE71 = {
			isa = PBXGroup;
			children = (
				019D14551B687FC000F8AE71 /* NewsLetter */,
				019D14541B687FC000F8AE71 /* Products */,
				A82D91138AEDDA2BF4D06795 /* Pods */,
				7C4C5FB455A2D64CB18A7E49 /* Frameworks */,
			);
			sourceTree = "<group>";
		};
		019D14541B687FC000F8AE71 /* Products */ = {
			isa = PBXGroup;
			children = (
				019D14531B687FC000F8AE71 /* NewsLetter.app */,
			);
			name = Products;
			sourceTree = "<group>";
		};
		019D14551B687FC000F8AE71 /* NewsLetter */ = {
			isa = PBXGroup;
			children = (
				01C90D1F1B6DCC4200FDB64A /* SinaConfig.h */,
				01C90D1B1B6DBD2900FDB64A /* Storyboard */,
				019D14591B687FC000F8AE71 /* AppDelegate.h */,
				019D145A1B687FC000F8AE71 /* AppDelegate.m */,
				019D145C1B687FC000F8AE71 /* FirstViewController.h */,
				019D145D1B687FC000F8AE71 /* FirstViewController.m */,
				019D145F1B687FC000F8AE71 /* SecondViewController.h */,
				019D14601B687FC000F8AE71 /* SecondViewController.m */,
				01C90D1C1B6DCA1E00FDB64A /* LoginViewController.h */,
				01C90D1D1B6DCA1E00FDB64A /* LoginViewController.m */,
				019D14651B687FC000F8AE71 /* Assets.xcassets */,
				019D14671B687FC000F8AE71 /* LaunchScreen.storyboard */,
				019D146A1B687FC100F8AE71 /* Info.plist */,
				019D14561B687FC000F8AE71 /* Supporting Files */,
			);
			path = NewsLetter;
			sourceTree = "<group>";
		};
		019D14561B687FC000F8AE71 /* Supporting Files */ = {
			isa = PBXGroup;
			children = (
				019D14571B687FC000F8AE71 /* main.m */,
			);
			name = "Supporting Files";
			sourceTree = "<group>";
		};
		01C90D1B1B6DBD2900FDB64A /* Storyboard */ = {
			isa = PBXGroup;
			children = (
				01C90D191B6DBD0800FDB64A /* Login.storyboard */,
				019D14621B687FC000F8AE71 /* Main.storyboard */,
			);
			name = Storyboard;
			sourceTree = "<group>";
		};
		7C4C5FB455A2D64CB18A7E49 /* Frameworks */ = {
			isa = PBXGroup;
			children = (
				01849F131B68F69300ECDB84 /* CoreTelephony.framework */,
				1A1B337CF9EEDA28696E43CB /* libPods-NewsLetter.a */,
			);
			name = Frameworks;
			sourceTree = "<group>";
		};
		A82D91138AEDDA2BF4D06795 /* Pods */ = {
			isa = PBXGroup;
			children = (
				C24684AA5808E835B4C471E1 /* Pods-NewsLetter.debug.xcconfig */,
				977605813DD4F360CE899477 /* Pods-NewsLetter.release.xcconfig */,
			);
			name = Pods;
			sourceTree = "<group>";
		};
/* End PBXGroup section */

/* Begin PBXNativeTarget section */
		019D14521B687FC000F8AE71 /* NewsLetter */ = {
			isa = PBXNativeTarget;
			buildConfigurationList = 019D146D1B687FC100F8AE71 /* Build configuration list for PBXNativeTarget "NewsLetter" */;
			buildPhases = (
				2350ACC0E314F8A84BCF118A /* Check Pods Manifest.lock */,
				019D144F1B687FC000F8AE71 /* Sources */,
				019D14501B687FC000F8AE71 /* Frameworks */,
				019D14511B687FC000F8AE71 /* Resources */,
				3D1C71B1FD6864CBA05622BE /* Copy Pods Resources */,
			);
			buildRules = (
			);
			dependencies = (
			);
			name = NewsLetter;
			productName = NewsLetter;
			productReference = 019D14531B687FC000F8AE71 /* NewsLetter.app */;
			productType = "com.apple.product-type.application";
		};
/* End PBXNativeTarget section */

/* Begin PBXProject section */
		019D144B1B687FC000F8AE71 /* Project object */ = {
			isa = PBXProject;
			attributes = {
				LastUpgradeCheck = 0700;
				ORGANIZATIONNAME = jfl913;
				TargetAttributes = {
					019D14521B687FC000F8AE71 = {
						CreatedOnToolsVersion = 7.0;
					};
				};
			};
			buildConfigurationList = 019D144E1B687FC000F8AE71 /* Build configuration list for PBXProject "NewsLetter" */;
			compatibilityVersion = "Xcode 3.2";
			developmentRegion = English;
			hasScannedForEncodings = 0;
			knownRegions = (
				en,
				Base,
			);
			mainGroup = 019D144A1B687FC000F8AE71;
			productRefGroup = 019D14541B687FC000F8AE71 /* Products */;
			projectDirPath = "";
			projectRoot = "";
			targets = (
				019D14521B687FC000F8AE71 /* NewsLetter */,
			);
		};
/* End PBXProject section */

/* Begin PBXResourcesBuildPhase section */
		019D14511B687FC000F8AE71 /* Resources */ = {
			isa = PBXResourcesBuildPhase;
			buildActionMask = 2147483647;
			files = (
				01C90D1A1B6DBD0800FDB64A /* Login.storyboard in Resources */,
				019D14691B687FC000F8AE71 /* LaunchScreen.storyboard in Resources */,
				019D14661B687FC000F8AE71 /* Assets.xcassets in Resources */,
				019D14641B687FC000F8AE71 /* Main.storyboard in Resources */,
			);
			runOnlyForDeploymentPostprocessing = 0;
		};
/* End PBXResourcesBuildPhase section */

/* Begin PBXShellScriptBuildPhase section */
		2350ACC0E314F8A84BCF118A /* Check Pods Manifest.lock */ = {
			isa = PBXShellScriptBuildPhase;
			buildActionMask = 2147483647;
			files = (
			);
			inputPaths = (
			);
			name = "Check Pods Manifest.lock";
			outputPaths = (
			);
			runOnlyForDeploymentPostprocessing = 0;
			shellPath = /bin/sh;
			shellScript = "diff \"${PODS_ROOT}/../Podfile.lock\" \"${PODS_ROOT}/Manifest.lock\" > /dev/null\nif [[ $? != 0 ]] ; then\n    cat << EOM\nerror: The sandbox is not in sync with the Podfile.lock. Run 'pod install' or update your CocoaPods installation.\nEOM\n    exit 1\nfi\n";
			showEnvVarsInLog = 0;
		};
		3D1C71B1FD6864CBA05622BE /* Copy Pods Resources */ = {
			isa = PBXShellScriptBuildPhase;
			buildActionMask = 2147483647;
			files = (
			);
			inputPaths = (
			);
			name = "Copy Pods Resources";
			outputPaths = (
			);
			runOnlyForDeploymentPostprocessing = 0;
			shellPath = /bin/sh;
			shellScript = "\"${SRCROOT}/Pods/Target Support Files/Pods-NewsLetter/Pods-NewsLetter-resources.sh\"\n";
			showEnvVarsInLog = 0;
		};
/* End PBXShellScriptBuildPhase section */

/* Begin PBXSourcesBuildPhase section */
		019D144F1B687FC000F8AE71 /* Sources */ = {
			isa = PBXSourcesBuildPhase;
			buildActionMask = 2147483647;
			files = (
				019D14611B687FC000F8AE71 /* SecondViewController.m in Sources */,
				019D145B1B687FC000F8AE71 /* AppDelegate.m in Sources */,
				019D145E1B687FC000F8AE71 /* FirstViewController.m in Sources */,
				019D14581B687FC000F8AE71 /* main.m in Sources */,
				01C90D1E1B6DCA1E00FDB64A /* LoginViewController.m in Sources */,
			);
			runOnlyForDeploymentPostprocessing = 0;
		};
/* End PBXSourcesBuildPhase section */

/* Begin PBXVariantGroup section */
		019D14621B687FC000F8AE71 /* Main.storyboard */ = {
			isa = PBXVariantGroup;
			children = (
				019D14631B687FC000F8AE71 /* Base */,
			);
			name = Main.storyboard;
			sourceTree = "<group>";
		};
		019D14671B687FC000F8AE71 /* LaunchScreen.storyboard */ = {
			isa = PBXVariantGroup;
			children = (
				019D14681B687FC000F8AE71 /* Base */,
			);
			name = LaunchScreen.storyboard;
			sourceTree = "<group>";
		};
/* End PBXVariantGroup section */

/* Begin XCBuildConfiguration section */
		019D146B1B687FC100F8AE71 /* Debug */ = {
			isa = XCBuildConfiguration;
			buildSettings = {
				ALWAYS_SEARCH_USER_PATHS = NO;
				CLANG_CXX_LANGUAGE_STANDARD = "gnu++0x";
				CLANG_CXX_LIBRARY = "libc++";
				CLANG_ENABLE_MODULES = YES;
				CLANG_ENABLE_OBJC_ARC = YES;
				CLANG_WARN_BOOL_CONVERSION = YES;
				CLANG_WARN_CONSTANT_CONVERSION = YES;
				CLANG_WARN_DIRECT_OBJC_ISA_USAGE = YES_ERROR;
				CLANG_WARN_EMPTY_BODY = YES;
				CLANG_WARN_ENUM_CONVERSION = YES;
				CLANG_WARN_INT_CONVERSION = YES;
				CLANG_WARN_OBJC_ROOT_CLASS = YES_ERROR;
				CLANG_WARN_UNREACHABLE_CODE = YES;
				CLANG_WARN__DUPLICATE_METHOD_MATCH = YES;
				"CODE_SIGN_IDENTITY[sdk=iphoneos*]" = "iPhone Developer";
				COPY_PHASE_STRIP = NO;
				DEBUG_INFORMATION_FORMAT = dwarf;
				ENABLE_STRICT_OBJC_MSGSEND = YES;
				ENABLE_TESTABILITY = YES;
				GCC_C_LANGUAGE_STANDARD = gnu99;
				GCC_DYNAMIC_NO_PIC = NO;
				GCC_NO_COMMON_BLOCKS = YES;
				GCC_OPTIMIZATION_LEVEL = 0;
				GCC_PREPROCESSOR_DEFINITIONS = (
					"DEBUG=1",
					"$(inherited)",
				);
				GCC_WARN_64_TO_32_BIT_CONVERSION = YES;
				GCC_WARN_ABOUT_RETURN_TYPE = YES_ERROR;
				GCC_WARN_UNDECLARED_SELECTOR = YES;
				GCC_WARN_UNINITIALIZED_AUTOS = YES_AGGRESSIVE;
				GCC_WARN_UNUSED_FUNCTION = YES;
				GCC_WARN_UNUSED_VARIABLE = YES;
				IPHONEOS_DEPLOYMENT_TARGET = 9.0;
				MTL_ENABLE_DEBUG_INFO = YES;
				ONLY_ACTIVE_ARCH = YES;
				SDKROOT = iphoneos;
			};
			name = Debug;
		};
		019D146C1B687FC100F8AE71 /* Release */ = {
			isa = XCBuildConfiguration;
			buildSettings = {
				ALWAYS_SEARCH_USER_PATHS = NO;
				CLANG_CXX_LANGUAGE_STANDARD = "gnu++0x";
				CLANG_CXX_LIBRARY = "libc++";
				CLANG_ENABLE_MODULES = YES;
				CLANG_ENABLE_OBJC_ARC = YES;
				CLANG_WARN_BOOL_CONVERSION = YES;
				CLANG_WARN_CONSTANT_CONVERSION = YES;
				CLANG_WARN_DIRECT_OBJC_ISA_USAGE = YES_ERROR;
				CLANG_WARN_EMPTY_BODY = YES;
				CLANG_WARN_ENUM_CONVERSION = YES;
				CLANG_WARN_INT_CONVERSION = YES;
				CLANG_WARN_OBJC_ROOT_CLASS = YES_ERROR;
				CLANG_WARN_UNREACHABLE_CODE = YES;
				CLANG_WARN__DUPLICATE_METHOD_MATCH = YES;
				"CODE_SIGN_IDENTITY[sdk=iphoneos*]" = "iPhone Developer";
				COPY_PHASE_STRIP = NO;
				DEBUG_INFORMATION_FORMAT = "dwarf-with-dsym";
				ENABLE_NS_ASSERTIONS = NO;
				ENABLE_STRICT_OBJC_MSGSEND = YES;
				GCC_C_LANGUAGE_STANDARD = gnu99;
				GCC_NO_COMMON_BLOCKS = YES;
				GCC_WARN_64_TO_32_BIT_CONVERSION = YES;
				GCC_WARN_ABOUT_RETURN_TYPE = YES_ERROR;
				GCC_WARN_UNDECLARED_SELECTOR = YES;
				GCC_WARN_UNINITIALIZED_AUTOS = YES_AGGRESSIVE;
				GCC_WARN_UNUSED_FUNCTION = YES;
				GCC_WARN_UNUSED_VARIABLE = YES;
				IPHONEOS_DEPLOYMENT_TARGET = 9.0;
				MTL_ENABLE_DEBUG_INFO = NO;
				SDKROOT = iphoneos;
				VALIDATE_PRODUCT = YES;
			};
			name = Release;
		};
		019D146E1B687FC100F8AE71 /* Debug */ = {
			isa = XCBuildConfiguration;
			baseConfigurationReference = C24684AA5808E835B4C471E1 /* Pods-NewsLetter.debug.xcconfig */;
			buildSettings = {
				ASSETCATALOG_COMPILER_APPICON_NAME = AppIcon;
				INFOPLIST_FILE = NewsLetter/Info.plist;
				LD_RUNPATH_SEARCH_PATHS = "$(inherited) @executable_path/Frameworks";
				PRODUCT_BUNDLE_IDENTIFIER = com.jfl.NewsLetter;
				PRODUCT_NAME = "$(TARGET_NAME)";
			};
			name = Debug;
		};
		019D146F1B687FC100F8AE71 /* Release */ = {
			isa = XCBuildConfiguration;
			baseConfigurationReference = 977605813DD4F360CE899477 /* Pods-NewsLetter.release.xcconfig */;
			buildSettings = {
				ASSETCATALOG_COMPILER_APPICON_NAME = AppIcon;
				INFOPLIST_FILE = NewsLetter/Info.plist;
				LD_RUNPATH_SEARCH_PATHS = "$(inherited) @executable_path/Frameworks";
				PRODUCT_BUNDLE_IDENTIFIER = com.jfl.NewsLetter;
				PRODUCT_NAME = "$(TARGET_NAME)";
			};
			name = Release;
		};
/* End XCBuildConfiguration section */

/* Begin XCConfigurationList section */
		019D144E1B687FC000F8AE71 /* Build configuration list for PBXProject "NewsLetter" */ = {
			isa = XCConfigurationList;
			buildConfigurations = (
				019D146B1B687FC100F8AE71 /* Debug */,
				019D146C1B687FC100F8AE71 /* Release */,
			);
			defaultConfigurationIsVisible = 0;
			defaultConfigurationName = Release;
		};
		019D146D1B687FC100F8AE71 /* Build configuration list for PBXNativeTarget "NewsLetter" */ = {
			isa = XCConfigurationList;
			buildConfigurations = (
				019D146E1B687FC100F8AE71 /* Debug */,
				019D146F1B687FC100F8AE71 /* Release */,
			);
			defaultConfigurationIsVisible = 0;
			defaultConfigurationName = Release;
		};
/* End XCConfigurationList section */
	};
	rootObject = 019D144B1B687FC000F8AE71 /* Project object */;
}
